// !$*UTF8*$!
{
	archiveVersion = 1;
	classes = {
	};
	objectVersion = 51;
	objects = {

/* Begin PBXBuildFile section */
		1801D9F02687FAC50034CD91 /* DetailsViewController.swift in Sources */ = {isa = PBXBuildFile; fileRef = 1801D9EE2687FAC50034CD91 /* DetailsViewController.swift */; };
		1801D9F12687FAC50034CD91 /* DetailsViewController.xib in Resources */ = {isa = PBXBuildFile; fileRef = 1801D9EF2687FAC50034CD91 /* DetailsViewController.xib */; };
		186565402685BD0B009CB3D3 /* AppDelegate.swift in Sources */ = {isa = PBXBuildFile; fileRef = 1865653F2685BD0B009CB3D3 /* AppDelegate.swift */; };
		186565422685BD0B009CB3D3 /* SceneDelegate.swift in Sources */ = {isa = PBXBuildFile; fileRef = 186565412685BD0B009CB3D3 /* SceneDelegate.swift */; };
		186565442685BD0B009CB3D3 /* ViewController.swift in Sources */ = {isa = PBXBuildFile; fileRef = 186565432685BD0B009CB3D3 /* ViewController.swift */; };
		186565472685BD0B009CB3D3 /* Main.storyboard in Resources */ = {isa = PBXBuildFile; fileRef = 186565452685BD0B009CB3D3 /* Main.storyboard */; };
		186565492685BD0E009CB3D3 /* Assets.xcassets in Resources */ = {isa = PBXBuildFile; fileRef = 186565482685BD0E009CB3D3 /* Assets.xcassets */; };
		1865654C2685BD0E009CB3D3 /* LaunchScreen.storyboard in Resources */ = {isa = PBXBuildFile; fileRef = 1865654A2685BD0E009CB3D3 /* LaunchScreen.storyboard */; };
		186565572685C7CB009CB3D3 /* HomeViewController.swift in Sources */ = {isa = PBXBuildFile; fileRef = 186565552685C7CB009CB3D3 /* HomeViewController.swift */; };
		186565582685C7CB009CB3D3 /* HomeViewController.xib in Resources */ = {isa = PBXBuildFile; fileRef = 186565562685C7CB009CB3D3 /* HomeViewController.xib */; };
		1865655B2685C818009CB3D3 /* RegViewController.swift in Sources */ = {isa = PBXBuildFile; fileRef = 186565592685C818009CB3D3 /* RegViewController.swift */; };
		1865655C2685C818009CB3D3 /* RegViewController.xib in Resources */ = {isa = PBXBuildFile; fileRef = 1865655A2685C818009CB3D3 /* RegViewController.xib */; };
		186565612685CFC9009CB3D3 /* PersonsTableViewCell.swift in Sources */ = {isa = PBXBuildFile; fileRef = 1865655F2685CFC9009CB3D3 /* PersonsTableViewCell.swift */; };
		186565622685CFC9009CB3D3 /* PersonsTableViewCell.xib in Resources */ = {isa = PBXBuildFile; fileRef = 186565602685CFC9009CB3D3 /* PersonsTableViewCell.xib */; };
		186565652685DD03009CB3D3 /* PersonModel.swift in Sources */ = {isa = PBXBuildFile; fileRef = 186565642685DD03009CB3D3 /* PersonModel.swift */; };
		9C6CBF062689A45200DA891A /* GoogleService-Info.plist in Resources */ = {isa = PBXBuildFile; fileRef = 9C6CBF052689A45200DA891A /* GoogleService-Info.plist */; };
		D7A5CB5D857D1805AEBC6168 /* Pods_Examen3AndyMarinos.framework in Frameworks */ = {isa = PBXBuildFile; fileRef = 0484FCAE1039C02E7C4CCD66 /* Pods_Examen3AndyMarinos.framework */; };
/* End PBXBuildFile section */

/* Begin PBXFileReference section */
		0484FCAE1039C02E7C4CCD66 /* Pods_Examen3AndyMarinos.framework */ = {isa = PBXFileReference; explicitFileType = wrapper.framework; includeInIndex = 0; path = Pods_Examen3AndyMarinos.framework; sourceTree = BUILT_PRODUCTS_DIR; };
		1801D9EE2687FAC50034CD91 /* DetailsViewController.swift */ = {isa = PBXFileReference; lastKnownFileType = sourcecode.swift; path = DetailsViewController.swift; sourceTree = "<group>"; };
		1801D9EF2687FAC50034CD91 /* DetailsViewController.xib */ = {isa = PBXFileReference; lastKnownFileType = file.xib; path = DetailsViewController.xib; sourceTree = "<group>"; };
		1865653C2685BD0B009CB3D3 /* Examen3AndyMarinos.app */ = {isa = PBXFileReference; explicitFileType = wrapper.application; includeInIndex = 0; path = Examen3AndyMarinos.app; sourceTree = BUILT_PRODUCTS_DIR; };
		1865653F2685BD0B009CB3D3 /* AppDelegate.swift */ = {isa = PBXFileReference; lastKnownFileType = sourcecode.swift; path = AppDelegate.swift; sourceTree = "<group>"; };
		186565412685BD0B009CB3D3 /* SceneDelegate.swift */ = {isa = PBXFileReference; lastKnownFileType = sourcecode.swift; path = SceneDelegate.swift; sourceTree = "<group>"; };
		186565432685BD0B009CB3D3 /* ViewController.swift */ = {isa = PBXFileReference; lastKnownFileType = sourcecode.swift; path = ViewController.swift; sourceTree = "<group>"; };
		186565462685BD0B009CB3D3 /* Base */ = {isa = PBXFileReference; lastKnownFileType = file.storyboard; name = Base; path = Base.lproj/Main.storyboard; sourceTree = "<group>"; };
		186565482685BD0E009CB3D3 /* Assets.xcassets */ = {isa = PBXFileReference; lastKnownFileType = folder.assetcatalog; path = Assets.xcassets; sourceTree = "<group>"; };
		1865654B2685BD0E009CB3D3 /* Base */ = {isa = PBXFileReference; lastKnownFileType = file.storyboard; name = Base; path = Base.lproj/LaunchScreen.storyboard; sourceTree = "<group>"; };
		1865654D2685BD0E009CB3D3 /* Info.plist */ = {isa = PBXFileReference; lastKnownFileType = text.plist.xml; path = Info.plist; sourceTree = "<group>"; };
		186565552685C7CB009CB3D3 /* HomeViewController.swift */ = {isa = PBXFileReference; lastKnownFileType = sourcecode.swift; path = HomeViewController.swift; sourceTree = "<group>"; };
		186565562685C7CB009CB3D3 /* HomeViewController.xib */ = {isa = PBXFileReference; lastKnownFileType = file.xib; path = HomeViewController.xib; sourceTree = "<group>"; };
		186565592685C818009CB3D3 /* RegViewController.swift */ = {isa = PBXFileReference; lastKnownFileType = sourcecode.swift; path = RegViewController.swift; sourceTree = "<group>"; };
		1865655A2685C818009CB3D3 /* RegViewController.xib */ = {isa = PBXFileReference; lastKnownFileType = file.xib; path = RegViewController.xib; sourceTree = "<group>"; };
		1865655F2685CFC9009CB3D3 /* PersonsTableViewCell.swift */ = {isa = PBXFileReference; lastKnownFileType = sourcecode.swift; path = PersonsTableViewCell.swift; sourceTree = "<group>"; };
		186565602685CFC9009CB3D3 /* PersonsTableViewCell.xib */ = {isa = PBXFileReference; lastKnownFileType = file.xib; path = PersonsTableViewCell.xib; sourceTree = "<group>"; };
		186565642685DD03009CB3D3 /* PersonModel.swift */ = {isa = PBXFileReference; lastKnownFileType = sourcecode.swift; path = PersonModel.swift; sourceTree = "<group>"; };
		557B2A0E21E05DC6D674733B /* Pods-Examen3AndyMarinos.release.xcconfig */ = {isa = PBXFileReference; includeInIndex = 1; lastKnownFileType = text.xcconfig; name = "Pods-Examen3AndyMarinos.release.xcconfig"; path = "Target Support Files/Pods-Examen3AndyMarinos/Pods-Examen3AndyMarinos.release.xcconfig"; sourceTree = "<group>"; };
		66378F9FDE7C20CB450D098B /* Pods-Examen3AndyMarinos.debug.xcconfig */ = {isa = PBXFileReference; includeInIndex = 1; lastKnownFileType = text.xcconfig; name = "Pods-Examen3AndyMarinos.debug.xcconfig"; path = "Target Support Files/Pods-Examen3AndyMarinos/Pods-Examen3AndyMarinos.debug.xcconfig"; sourceTree = "<group>"; };
		9C6CBF052689A45200DA891A /* GoogleService-Info.plist */ = {isa = PBXFileReference; fileEncoding = 4; lastKnownFileType = text.plist.xml; name = "GoogleService-Info.plist"; path = "../../../Downloads/GoogleService-Info.plist"; sourceTree = "<group>"; };
/* End PBXFileReference section */

/* Begin PBXFrameworksBuildPhase section */
		186565392685BD0B009CB3D3 /* Frameworks */ = {
			isa = PBXFrameworksBuildPhase;
			buildActionMask = 2147483647;
			files = (
				D7A5CB5D857D1805AEBC6168 /* Pods_Examen3AndyMarinos.framework in Frameworks */,
			);
			runOnlyForDeploymentPostprocessing = 0;
		};
/* End PBXFrameworksBuildPhase section */

/* Begin PBXGroup section */
		186565332685BD0B009CB3D3 = {
			isa = PBXGroup;
			children = (
				1865653E2685BD0B009CB3D3 /* Examen3AndyMarinos */,
				1865653D2685BD0B009CB3D3 /* Products */,
				6CC7FA8F80E85D1BA62A6929 /* Pods */,
				7FCA772CF890C34D40A9B973 /* Frameworks */,
			);
			sourceTree = "<group>";
		};
		1865653D2685BD0B009CB3D3 /* Products */ = {
			isa = PBXGroup;
			children = (
				1865653C2685BD0B009CB3D3 /* Examen3AndyMarinos.app */,
			);
			name = Products;
			sourceTree = "<group>";
		};
		1865653E2685BD0B009CB3D3 /* Examen3AndyMarinos */ = {
			isa = PBXGroup;
			children = (
				186565632685DCEA009CB3D3 /* Model */,
				1865655E2685CF95009CB3D3 /* Cells */,
				1865653F2685BD0B009CB3D3 /* AppDelegate.swift */,
				186565412685BD0B009CB3D3 /* SceneDelegate.swift */,
				186565432685BD0B009CB3D3 /* ViewController.swift */,
				186565452685BD0B009CB3D3 /* Main.storyboard */,
				186565482685BD0E009CB3D3 /* Assets.xcassets */,
				1865654A2685BD0E009CB3D3 /* LaunchScreen.storyboard */,
				1865654D2685BD0E009CB3D3 /* Info.plist */,
				9C6CBF052689A45200DA891A /* GoogleService-Info.plist */,
				186565552685C7CB009CB3D3 /* HomeViewController.swift */,
				186565562685C7CB009CB3D3 /* HomeViewController.xib */,
				186565592685C818009CB3D3 /* RegViewController.swift */,
				1865655A2685C818009CB3D3 /* RegViewController.xib */,
				1801D9EE2687FAC50034CD91 /* DetailsViewController.swift */,
				1801D9EF2687FAC50034CD91 /* DetailsViewController.xib */,
			);
			path = Examen3AndyMarinos;
			sourceTree = "<group>";
		};
		1865655E2685CF95009CB3D3 /* Cells */ = {
			isa = PBXGroup;
			children = (
				1865655F2685CFC9009CB3D3 /* PersonsTableViewCell.swift */,
				186565602685CFC9009CB3D3 /* PersonsTableViewCell.xib */,
			);
			path = Cells;
			sourceTree = "<group>";
		};
		186565632685DCEA009CB3D3 /* Model */ = {
			isa = PBXGroup;
			children = (
				186565642685DD03009CB3D3 /* PersonModel.swift */,
			);
			path = Model;
			sourceTree = "<group>";
		};
		6CC7FA8F80E85D1BA62A6929 /* Pods */ = {
			isa = PBXGroup;
			children = (
				66378F9FDE7C20CB450D098B /* Pods-Examen3AndyMarinos.debug.xcconfig */,
				557B2A0E21E05DC6D674733B /* Pods-Examen3AndyMarinos.release.xcconfig */,
			);
			path = Pods;
			sourceTree = "<group>";
		};
		7FCA772CF890C34D40A9B973 /* Frameworks */ = {
			isa = PBXGroup;
			children = (
				0484FCAE1039C02E7C4CCD66 /* Pods_Examen3AndyMarinos.framework */,
			);
			name = Frameworks;
			sourceTree = "<group>";
		};
/* End PBXGroup section */

/* Begin PBXNativeTarget section */
		1865653B2685BD0B009CB3D3 /* Examen3AndyMarinos */ = {
			isa = PBXNativeTarget;
			buildConfigurationList = 186565502685BD0E009CB3D3 /* Build configuration list for PBXNativeTarget "Examen3AndyMarinos" */;
			buildPhases = (
				D499AEFB5DBD443CB8AFCE70 /* [CP] Check Pods Manifest.lock */,
				186565382685BD0B009CB3D3 /* Sources */,
				186565392685BD0B009CB3D3 /* Frameworks */,
				1865653A2685BD0B009CB3D3 /* Resources */,
				FE401E033CAA6D9D2092BCB4 /* [CP] Embed Pods Frameworks */,
			);
			buildRules = (
			);
			dependencies = (
			);
			name = Examen3AndyMarinos;
			productName = cl3_quiroz;
			productReference = 1865653C2685BD0B009CB3D3 /* Examen3AndyMarinos.app */;
			productType = "com.apple.product-type.application";
		};
/* End PBXNativeTarget section */

/* Begin PBXProject section */
		186565342685BD0B009CB3D3 /* Project object */ = {
			isa = PBXProject;
			attributes = {
				LastSwiftUpdateCheck = 1250;
				LastUpgradeCheck = 1250;
				TargetAttributes = {
					1865653B2685BD0B009CB3D3 = {
						CreatedOnToolsVersion = 12.5.1;
					};
				};
			};
			buildConfigurationList = 186565372685BD0B009CB3D3 /* Build configuration list for PBXProject "Examen3AndyMarinos" */;
			compatibilityVersion = "Xcode 9.3";
			developmentRegion = en;
			hasScannedForEncodings = 0;
			knownRegions = (
				en,
				Base,
			);
			mainGroup = 186565332685BD0B009CB3D3;
			productRefGroup = 1865653D2685BD0B009CB3D3 /* Products */;
			projectDirPath = "";
			projectRoot = "";
			targets = (
				1865653B2685BD0B009CB3D3 /* Examen3AndyMarinos */,
			);
		};
/* End PBXProject section */

/* Begin PBXResourcesBuildPhase section */
		1865653A2685BD0B009CB3D3 /* Resources */ = {
			isa = PBXResourcesBuildPhase;
			buildActionMask = 2147483647;
			files = (
				1865654C2685BD0E009CB3D3 /* LaunchScreen.storyboard in Resources */,
				186565622685CFC9009CB3D3 /* PersonsTableViewCell.xib in Resources */,
				9C6CBF062689A45200DA891A /* GoogleService-Info.plist in Resources */,
				186565582685C7CB009CB3D3 /* HomeViewController.xib in Resources */,
				186565492685BD0E009CB3D3 /* Assets.xcassets in Resources */,
				186565472685BD0B009CB3D3 /* Main.storyboard in Resources */,
				1865655C2685C818009CB3D3 /* RegViewController.xib in Resources */,
				1801D9F12687FAC50034CD91 /* DetailsViewController.xib in Resources */,
			);
			runOnlyForDeploymentPostprocessing = 0;
		};
/* End PBXResourcesBuildPhase section */

/* Begin PBXShellScriptBuildPhase section */
		D499AEFB5DBD443CB8AFCE70 /* [CP] Check Pods Manifest.lock */ = {
			isa = PBXShellScriptBuildPhase;
			buildActionMask = 2147483647;
			files = (
			);
			inputFileListPaths = (
			);
			inputPaths = (
				"${PODS_PODFILE_DIR_PATH}/Podfile.lock",
				"${PODS_ROOT}/Manifest.lock",
			);
			name = "[CP] Check Pods Manifest.lock";
			outputFileListPaths = (
			);
			outputPaths = (
				"$(DERIVED_FILE_DIR)/Pods-Examen3AndyMarinos-checkManifestLockResult.txt",
			);
			runOnlyForDeploymentPostprocessing = 0;
			shellPath = /bin/sh;
			shellScript = "diff \"${PODS_PODFILE_DIR_PATH}/Podfile.lock\" \"${PODS_ROOT}/Manifest.lock\" > /dev/null\nif [ $? != 0 ] ; then\n    # print error to STDERR\n    echo \"error: The sandbox is not in sync with the Podfile.lock. Run 'pod install' or update your CocoaPods installation.\" >&2\n    exit 1\nfi\n# This output is used by Xcode 'outputs' to avoid re-running this script phase.\necho \"SUCCESS\" > \"${SCRIPT_OUTPUT_FILE_0}\"\n";
			showEnvVarsInLog = 0;
		};
		FE401E033CAA6D9D2092BCB4 /* [CP] Embed Pods Frameworks */ = {
			isa = PBXShellScriptBuildPhase;
			buildActionMask = 2147483647;
			files = (
			);
			inputFileListPaths = (
				"${PODS_ROOT}/Target Support Files/Pods-Examen3AndyMarinos/Pods-Examen3AndyMarinos-frameworks-${CONFIGURATION}-input-files.xcfilelist",
			);
			name = "[CP] Embed Pods Frameworks";
			outputFileListPaths = (
				"${PODS_ROOT}/Target Support Files/Pods-Examen3AndyMarinos/Pods-Examen3AndyMarinos-frameworks-${CONFIGURATION}-output-files.xcfilelist",
			);
			runOnlyForDeploymentPostprocessing = 0;
			shellPath = /bin/sh;
			shellScript = "\"${PODS_ROOT}/Target Support Files/Pods-Examen3AndyMarinos/Pods-Examen3AndyMarinos-frameworks.sh\"\n";
			showEnvVarsInLog = 0;
		};
/* End PBXShellScriptBuildPhase section */

/* Begin PBXSourcesBuildPhase section */
		186565382685BD0B009CB3D3 /* Sources */ = {
			isa = PBXSourcesBuildPhase;
			buildActionMask = 2147483647;
			files = (
				186565442685BD0B009CB3D3 /* ViewController.swift in Sources */,
				186565652685DD03009CB3D3 /* PersonModel.swift in Sources */,
				186565402685BD0B009CB3D3 /* AppDelegate.swift in Sources */,
				1801D9F02687FAC50034CD91 /* DetailsViewController.swift in Sources */,
				1865655B2685C818009CB3D3 /* RegViewController.swift in Sources */,
				186565422685BD0B009CB3D3 /* SceneDelegate.swift in Sources */,
				186565612685CFC9009CB3D3 /* PersonsTableViewCell.swift in Sources */,
				186565572685C7CB009CB3D3 /* HomeViewController.swift in Sources */,
			);
			runOnlyForDeploymentPostprocessing = 0;
		};
/* End PBXSourcesBuildPhase section */

/* Begin PBXVariantGroup section */
		186565452685BD0B009CB3D3 /* Main.storyboard */ = {
			isa = PBXVariantGroup;
			children = (
				186565462685BD0B009CB3D3 /* Base */,
			);
			name = Main.storyboard;
			sourceTree = "<group>";
		};
		1865654A2685BD0E009CB3D3 /* LaunchScreen.storyboard */ = {
			isa = PBXVariantGroup;
			children = (
				1865654B2685BD0E009CB3D3 /* Base */,
			);
			name = LaunchScreen.storyboard;
			sourceTree = "<group>";
		};
/* End PBXVariantGroup section */

/* Begin XCBuildConfiguration section */
		1865654E2685BD0E009CB3D3 /* Debug */ = {
			isa = XCBuildConfiguration;
			buildSettings = {
				ALWAYS_SEARCH_USER_PATHS = NO;
				CLANG_ANALYZER_NONNULL = YES;
				CLANG_ANALYZER_NUMBER_OBJECT_CONVERSION = YES_AGGRESSIVE;
				CLANG_CXX_LANGUAGE_STANDARD = "gnu++14";
				CLANG_CXX_LIBRARY = "libc++";
				CLANG_ENABLE_MODULES = YES;
				CLANG_ENABLE_OBJC_ARC = YES;
				CLANG_ENABLE_OBJC_WEAK = YES;
				CLANG_WARN_BLOCK_CAPTURE_AUTORELEASING = YES;
				CLANG_WARN_BOOL_CONVERSION = YES;
				CLANG_WARN_COMMA = YES;
				CLANG_WARN_CONSTANT_CONVERSION = YES;
				CLANG_WARN_DEPRECATED_OBJC_IMPLEMENTATIONS = YES;
				CLANG_WARN_DIRECT_OBJC_ISA_USAGE = YES_ERROR;
				CLANG_WARN_DOCUMENTATION_COMMENTS = YES;
				CLANG_WARN_EMPTY_BODY = YES;
				CLANG_WARN_ENUM_CONVERSION = YES;
				CLANG_WARN_INFINITE_RECURSION = YES;
				CLANG_WARN_INT_CONVERSION = YES;
				CLANG_WARN_NON_LITERAL_NULL_CONVERSION = YES;
				CLANG_WARN_OBJC_IMPLICIT_RETAIN_SELF = YES;
				CLANG_WARN_OBJC_LITERAL_CONVERSION = YES;
				CLANG_WARN_OBJC_ROOT_CLASS = YES_ERROR;
				CLANG_WARN_QUOTED_INCLUDE_IN_FRAMEWORK_HEADER = YES;
				CLANG_WARN_RANGE_LOOP_ANALYSIS = YES;
				CLANG_WARN_STRICT_PROTOTYPES = YES;
				CLANG_WARN_SUSPICIOUS_MOVE = YES;
				CLANG_WARN_UNGUARDED_AVAILABILITY = YES_AGGRESSIVE;
				CLANG_WARN_UNREACHABLE_CODE = YES;
				CLANG_WARN__DUPLICATE_METHOD_MATCH = YES;
				COPY_PHASE_STRIP = NO;
				DEBUG_INFORMATION_FORMAT = dwarf;
				ENABLE_STRICT_OBJC_MSGSEND = YES;
				ENABLE_TESTABILITY = YES;
				GCC_C_LANGUAGE_STANDARD = gnu11;
				GCC_DYNAMIC_NO_PIC = NO;
				GCC_NO_COMMON_BLOCKS = YES;
				GCC_OPTIMIZATION_LEVEL = 0;
				GCC_PREPROCESSOR_DEFINITIONS = (
					"DEBUG=1",
					"$(inherited)",
				);
				GCC_WARN_64_TO_32_BIT_CONVERSION = YES;
				GCC_WARN_ABOUT_RETURN_TYPE = YES_ERROR;
				GCC_WARN_UNDECLARED_SELECTOR = YES;
				GCC_WARN_UNINITIALIZED_AUTOS = YES_AGGRESSIVE;
				GCC_WARN_UNUSED_FUNCTION = YES;
				GCC_WARN_UNUSED_VARIABLE = YES;
				IPHONEOS_DEPLOYMENT_TARGET = 14.5;
				MTL_ENABLE_DEBUG_INFO = INCLUDE_SOURCE;
				MTL_FAST_MATH = YES;
				ONLY_ACTIVE_ARCH = YES;
				SDKROOT = iphoneos;
				SWIFT_ACTIVE_COMPILATION_CONDITIONS = DEBUG;
				SWIFT_OPTIMIZATION_LEVEL = "-Onone";
			};
			name = Debug;
		};
		1865654F2685BD0E009CB3D3 /* Release */ = {
			isa = XCBuildConfiguration;
			buildSettings = {
				ALWAYS_SEARCH_USER_PATHS = NO;
				CLANG_ANALYZER_NONNULL = YES;
				CLANG_ANALYZER_NUMBER_OBJECT_CONVERSION = YES_AGGRESSIVE;
				CLANG_CXX_LANGUAGE_STANDARD = "gnu++14";
				CLANG_CXX_LIBRARY = "libc++";
				CLANG_ENABLE_MODULES = YES;
				CLANG_ENABLE_OBJC_ARC = YES;
				CLANG_ENABLE_OBJC_WEAK = YES;
				CLANG_WARN_BLOCK_CAPTURE_AUTORELEASING = YES;
				CLANG_WARN_BOOL_CONVERSION = YES;
				CLANG_WARN_COMMA = YES;
				CLANG_WARN_CONSTANT_CONVERSION = YES;
				CLANG_WARN_DEPRECATED_OBJC_IMPLEMENTATIONS = YES;
				CLANG_WARN_DIRECT_OBJC_ISA_USAGE = YES_ERROR;
				CLANG_WARN_DOCUMENTATION_COMMENTS = YES;
				CLANG_WARN_EMPTY_BODY = YES;
				CLANG_WARN_ENUM_CONVERSION = YES;
				CLANG_WARN_INFINITE_RECURSION = YES;
				CLANG_WARN_INT_CONVERSION = YES;
				CLANG_WARN_NON_LITERAL_NULL_CONVERSION = YES;
				CLANG_WARN_OBJC_IMPLICIT_RETAIN_SELF = YES;
				CLANG_WARN_OBJC_LITERAL_CONVERSION = YES;
				CLANG_WARN_OBJC_ROOT_CLASS = YES_ERROR;
				CLANG_WARN_QUOTED_INCLUDE_IN_FRAMEWORK_HEADER = YES;
				CLANG_WARN_RANGE_LOOP_ANALYSIS = YES;
				CLANG_WARN_STRICT_PROTOTYPES = YES;
				CLANG_WARN_SUSPICIOUS_MOVE = YES;
				CLANG_WARN_UNGUARDED_AVAILABILITY = YES_AGGRESSIVE;
				CLANG_WARN_UNREACHABLE_CODE = YES;
				CLANG_WARN__DUPLICATE_METHOD_MATCH = YES;
				COPY_PHASE_STRIP = NO;
				DEBUG_INFORMATION_FORMAT = "dwarf-with-dsym";
				ENABLE_NS_ASSERTIONS = NO;
				ENABLE_STRICT_OBJC_MSGSEND = YES;
				GCC_C_LANGUAGE_STANDARD = gnu11;
				GCC_NO_COMMON_BLOCKS = YES;
				GCC_WARN_64_TO_32_BIT_CONVERSION = YES;
				GCC_WARN_ABOUT_RETURN_TYPE = YES_ERROR;
				GCC_WARN_UNDECLARED_SELECTOR = YES;
				GCC_WARN_UNINITIALIZED_AUTOS = YES_AGGRESSIVE;
				GCC_WARN_UNUSED_FUNCTION = YES;
				GCC_WARN_UNUSED_VARIABLE = YES;
				IPHONEOS_DEPLOYMENT_TARGET = 14.5;
				MTL_ENABLE_DEBUG_INFO = NO;
				MTL_FAST_MATH = YES;
				SDKROOT = iphoneos;
				SWIFT_COMPILATION_MODE = wholemodule;
				SWIFT_OPTIMIZATION_LEVEL = "-O";
				VALIDATE_PRODUCT = YES;
			};
			name = Release;
		};
		186565512685BD0E009CB3D3 /* Debug */ = {
			isa = XCBuildConfiguration;
			baseConfigurationReference = 66378F9FDE7C20CB450D098B /* Pods-Examen3AndyMarinos.debug.xcconfig */;
			buildSettings = {
				ASSETCATALOG_COMPILER_APPICON_NAME = AppIcon;
				ASSETCATALOG_COMPILER_GLOBAL_ACCENT_COLOR_NAME = AccentColor;
				CODE_SIGN_STYLE = Automatic;
				DEVELOPMENT_TEAM = 25WAWWTYW7;
				INFOPLIST_FILE = "$(SRCROOT)/Examen3AndyMarinos/Info.plist";
				IPHONEOS_DEPLOYMENT_TARGET = 14.4;
				LD_RUNPATH_SEARCH_PATHS = (
					"$(inherited)",
					"@executable_path/Frameworks",
				);
				PRODUCT_BUNDLE_IDENTIFIER = com.cibertec.examen3;
				PRODUCT_NAME = "$(TARGET_NAME)";
				SWIFT_VERSION = 5.0;
				TARGETED_DEVICE_FAMILY = "1,2";
			};
			name = Debug;
		};
		186565522685BD0E009CB3D3 /* Release */ = {
			isa = XCBuildConfiguration;
			baseConfigurationReference = 557B2A0E21E05DC6D674733B /* Pods-Examen3AndyMarinos.release.xcconfig */;
			buildSettings = {
				ASSETCATALOG_COMPILER_APPICON_NAME = AppIcon;
				ASSETCATALOG_COMPILER_GLOBAL_ACCENT_COLOR_NAME = AccentColor;
				CODE_SIGN_STYLE = Automatic;
				DEVELOPMENT_TEAM = 25WAWWTYW7;
				INFOPLIST_FILE = "$(SRCROOT)/Examen3AndyMarinos/Info.plist";
				IPHONEOS_DEPLOYMENT_TARGET = 14.4;
				LD_RUNPATH_SEARCH_PATHS = (
					"$(inherited)",
					"@executable_path/Frameworks",
				);
				PRODUCT_BUNDLE_IDENTIFIER = com.cibertec.examen3;
				PRODUCT_NAME = "$(TARGET_NAME)";
				SWIFT_VERSION = 5.0;
				TARGETED_DEVICE_FAMILY = "1,2";
			};
			name = Release;
		};
/* End XCBuildConfiguration section */

/* Begin XCConfigurationList section */
		186565372685BD0B009CB3D3 /* Build configuration list for PBXProject "Examen3AndyMarinos" */ = {
			isa = XCConfigurationList;
			buildConfigurations = (
				1865654E2685BD0E009CB3D3 /* Debug */,
				1865654F2685BD0E009CB3D3 /* Release */,
			);
			defaultConfigurationIsVisible = 0;
			defaultConfigurationName = Release;
		};
		186565502685BD0E009CB3D3 /* Build configuration list for PBXNativeTarget "Examen3AndyMarinos" */ = {
			isa = XCConfigurationList;
			buildConfigurations = (
				186565512685BD0E009CB3D3 /* Debug */,
				186565522685BD0E009CB3D3 /* Release */,
			);
			defaultConfigurationIsVisible = 0;
			defaultConfigurationName = Release;
		};
/* End XCConfigurationList section */
	};
	rootObject = 186565342685BD0B009CB3D3 /* Project object */;
}
